// !$*UTF8*$!
{
	archiveVersion = 1;
	classes = {
	};
	objectVersion = 46;
	objects = {

/* Begin PBXBuildFile section */
		84BDF7C81CE5B62F00108E96 /* AppDelegate.swift in Sources */ = {isa = PBXBuildFile; fileRef = 84BDF7C71CE5B62F00108E96 /* AppDelegate.swift */; };
		84BDF7CA1CE5B62F00108E96 /* ViewController.swift in Sources */ = {isa = PBXBuildFile; fileRef = 84BDF7C91CE5B62F00108E96 /* ViewController.swift */; };
		84BDF7CD1CE5B62F00108E96 /* Main.storyboard in Resources */ = {isa = PBXBuildFile; fileRef = 84BDF7CB1CE5B62F00108E96 /* Main.storyboard */; };
		84BDF7CF1CE5B62F00108E96 /* Assets.xcassets in Resources */ = {isa = PBXBuildFile; fileRef = 84BDF7CE1CE5B62F00108E96 /* Assets.xcassets */; };
		84BDF7D21CE5B62F00108E96 /* LaunchScreen.storyboard in Resources */ = {isa = PBXBuildFile; fileRef = 84BDF7D01CE5B62F00108E96 /* LaunchScreen.storyboard */; };
		84BDF7DE1CE5B69A00108E96 /* AlertView.swift in Sources */ = {isa = PBXBuildFile; fileRef = 84BDF7D91CE5B69A00108E96 /* AlertView.swift */; };
		84BDF7DF1CE5B69A00108E96 /* AlertView.xib in Resources */ = {isa = PBXBuildFile; fileRef = 84BDF7DA1CE5B69A00108E96 /* AlertView.xib */; };
		84BDF7E01CE5B69A00108E96 /* BSAlertController.swift in Sources */ = {isa = PBXBuildFile; fileRef = 84BDF7DC1CE5B69A00108E96 /* BSAlertController.swift */; };
		84BDF7E11CE5B69A00108E96 /* BSViewController.swift in Sources */ = {isa = PBXBuildFile; fileRef = 84BDF7DD1CE5B69A00108E96 /* BSViewController.swift */; };
/* End PBXBuildFile section */

/* Begin PBXFileReference section */
		84BDF7C41CE5B62F00108E96 /* BSAlertViewControllerSample.app */ = {isa = PBXFileReference; explicitFileType = wrapper.application; includeInIndex = 0; path = BSAlertViewControllerSample.app; sourceTree = BUILT_PRODUCTS_DIR; };
		84BDF7C71CE5B62F00108E96 /* AppDelegate.swift */ = {isa = PBXFileReference; lastKnownFileType = sourcecode.swift; path = AppDelegate.swift; sourceTree = "<group>"; };
		84BDF7C91CE5B62F00108E96 /* ViewController.swift */ = {isa = PBXFileReference; lastKnownFileType = sourcecode.swift; path = ViewController.swift; sourceTree = "<group>"; };
		84BDF7CC1CE5B62F00108E96 /* Base */ = {isa = PBXFileReference; lastKnownFileType = file.storyboard; name = Base; path = Base.lproj/Main.storyboard; sourceTree = "<group>"; };
		84BDF7CE1CE5B62F00108E96 /* Assets.xcassets */ = {isa = PBXFileReference; lastKnownFileType = folder.assetcatalog; path = Assets.xcassets; sourceTree = "<group>"; };
		84BDF7D11CE5B62F00108E96 /* Base */ = {isa = PBXFileReference; lastKnownFileType = file.storyboard; name = Base; path = Base.lproj/LaunchScreen.storyboard; sourceTree = "<group>"; };
		84BDF7D31CE5B62F00108E96 /* Info.plist */ = {isa = PBXFileReference; lastKnownFileType = text.plist.xml; path = Info.plist; sourceTree = "<group>"; };
		84BDF7D91CE5B69A00108E96 /* AlertView.swift */ = {isa = PBXFileReference; fileEncoding = 4; lastKnownFileType = sourcecode.swift; path = AlertView.swift; sourceTree = "<group>"; };
		84BDF7DA1CE5B69A00108E96 /* AlertView.xib */ = {isa = PBXFileReference; fileEncoding = 4; lastKnownFileType = file.xib; path = AlertView.xib; sourceTree = "<group>"; };
		84BDF7DC1CE5B69A00108E96 /* BSAlertController.swift */ = {isa = PBXFileReference; fileEncoding = 4; lastKnownFileType = sourcecode.swift; path = BSAlertController.swift; sourceTree = "<group>"; };
		84BDF7DD1CE5B69A00108E96 /* BSViewController.swift */ = {isa = PBXFileReference; fileEncoding = 4; lastKnownFileType = sourcecode.swift; path = BSViewController.swift; sourceTree = "<group>"; };
/* End PBXFileReference section */

/* Begin PBXFrameworksBuildPhase section */
		84BDF7C11CE5B62F00108E96 /* Frameworks */ = {
			isa = PBXFrameworksBuildPhase;
			buildActionMask = 2147483647;
			files = (
			);
			runOnlyForDeploymentPostprocessing = 0;
		};
/* End PBXFrameworksBuildPhase section */

/* Begin PBXGroup section */
		84BDF7BB1CE5B62F00108E96 = {
			isa = PBXGroup;
			children = (
				84BDF7C61CE5B62F00108E96 /* BSAlertViewControllerSample */,
				84BDF7C51CE5B62F00108E96 /* Products */,
			);
			sourceTree = "<group>";
		};
		84BDF7C51CE5B62F00108E96 /* Products */ = {
			isa = PBXGroup;
			children = (
				84BDF7C41CE5B62F00108E96 /* BSAlertViewControllerSample.app */,
			);
			name = Products;
			sourceTree = "<group>";
		};
		84BDF7C61CE5B62F00108E96 /* BSAlertViewControllerSample */ = {
			isa = PBXGroup;
			children = (
				84BDF7C71CE5B62F00108E96 /* AppDelegate.swift */,
				84BDF7C91CE5B62F00108E96 /* ViewController.swift */,
				84BDF7DD1CE5B69A00108E96 /* BSViewController.swift */,
				84BDF7D91CE5B69A00108E96 /* AlertView.swift */,
				84BDF7DA1CE5B69A00108E96 /* AlertView.xib */,
				84BDF7DB1CE5B69A00108E96 /* BSAlertController */,
				84BDF7CB1CE5B62F00108E96 /* Main.storyboard */,
				84BDF7CE1CE5B62F00108E96 /* Assets.xcassets */,
				84BDF7D01CE5B62F00108E96 /* LaunchScreen.storyboard */,
				84BDF7D31CE5B62F00108E96 /* Info.plist */,
			);
			path = BSAlertViewControllerSample;
			sourceTree = "<group>";
		};
		84BDF7DB1CE5B69A00108E96 /* BSAlertController */ = {
			isa = PBXGroup;
			children = (
				84BDF7DC1CE5B69A00108E96 /* BSAlertController.swift */,
			);
			path = BSAlertController;
			sourceTree = "<group>";
		};
/* End PBXGroup section */

/* Begin PBXNativeTarget section */
		84BDF7C31CE5B62F00108E96 /* BSAlertViewControllerSample */ = {
			isa = PBXNativeTarget;
			buildConfigurationList = 84BDF7D61CE5B62F00108E96 /* Build configuration list for PBXNativeTarget "BSAlertViewControllerSample" */;
			buildPhases = (
				84BDF7C01CE5B62F00108E96 /* Sources */,
				84BDF7C11CE5B62F00108E96 /* Frameworks */,
				84BDF7C21CE5B62F00108E96 /* Resources */,
			);
			buildRules = (
			);
			dependencies = (
			);
			name = BSAlertViewControllerSample;
			productName = BSAlertViewControllerSample;
			productReference = 84BDF7C41CE5B62F00108E96 /* BSAlertViewControllerSample.app */;
			productType = "com.apple.product-type.application";
		};
/* End PBXNativeTarget section */

/* Begin PBXProject section */
		84BDF7BC1CE5B62F00108E96 /* Project object */ = {
			isa = PBXProject;
			attributes = {
				LastSwiftUpdateCheck = 0730;
				LastUpgradeCheck = 0730;
				ORGANIZATIONNAME = blurryssky;
				TargetAttributes = {
					84BDF7C31CE5B62F00108E96 = {
						CreatedOnToolsVersion = 7.3.1;
					};
				};
			};
			buildConfigurationList = 84BDF7BF1CE5B62F00108E96 /* Build configuration list for PBXProject "BSAlertViewControllerSample" */;
			compatibilityVersion = "Xcode 3.2";
			developmentRegion = English;
			hasScannedForEncodings = 0;
			knownRegions = (
				en,
				Base,
			);
			mainGroup = 84BDF7BB1CE5B62F00108E96;
			productRefGroup = 84BDF7C51CE5B62F00108E96 /* Products */;
			projectDirPath = "";
			projectRoot = "";
			targets = (
				84BDF7C31CE5B62F00108E96 /* BSAlertViewControllerSample */,
			);
		};
/* End PBXProject section */

/* Begin PBXResourcesBuildPhase section */
		84BDF7C21CE5B62F00108E96 /* Resources */ = {
			isa = PBXResourcesBuildPhase;
			buildActionMask = 2147483647;
			files = (
				84BDF7D21CE5B62F00108E96 /* LaunchScreen.storyboard in Resources */,
				84BDF7DF1CE5B69A00108E96 /* AlertView.xib in Resources */,
				84BDF7CF1CE5B62F00108E96 /* Assets.xcassets in Resources */,
				84BDF7CD1CE5B62F00108E96 /* Main.storyboard in Resources */,
			);
			runOnlyForDeploymentPostprocessing = 0;
		};
/* End PBXResourcesBuildPhase section */

/* Begin PBXSourcesBuildPhase section */
		84BDF7C01CE5B62F00108E96 /* Sources */ = {
			isa = PBXSourcesBuildPhase;
			buildActionMask = 2147483647;
			files = (
				84BDF7E11CE5B69A00108E96 /* BSViewController.swift in Sources */,
				84BDF7CA1CE5B62F00108E96 /* ViewController.swift in Sources */,
				84BDF7C81CE5B62F00108E96 /* AppDelegate.swift in Sources */,
				84BDF7DE1CE5B69A00108E96 /* AlertView.swift in Sources */,
				84BDF7E01CE5B69A00108E96 /* BSAlertController.swift in Sources */,
			);
			runOnlyForDeploymentPostprocessing = 0;
		};
/* End PBXSourcesBuildPhase section */

/* Begin PBXVariantGroup section */
		84BDF7CB1CE5B62F00108E96 /* Main.storyboard */ = {
			isa = PBXVariantGroup;
			children = (
				84BDF7CC1CE5B62F00108E96 /* Base */,
			);
			name = Main.storyboard;
			sourceTree = "<group>";
		};
		84BDF7D01CE5B62F00108E96 /* LaunchScreen.storyboard */ = {
			isa = PBXVariantGroup;
			children = (
				84BDF7D11CE5B62F00108E96 /* Base */,
			);
			name = LaunchScreen.storyboard;
			sourceTree = "<group>";
		};
/* End PBXVariantGroup section */

/* Begin XCBuildConfiguration section */
		84BDF7D41CE5B62F00108E96 /* Debug */ = {
			isa = XCBuildConfiguration;
			buildSettings = {
				ALWAYS_SEARCH_USER_PATHS = NO;
				CLANG_ANALYZER_NONNULL = YES;
				CLANG_CXX_LANGUAGE_STANDARD = "gnu++0x";
				CLANG_CXX_LIBRARY = "libc++";
				CLANG_ENABLE_MODULES = YES;
				CLANG_ENABLE_OBJC_ARC = YES;
				CLANG_WARN_BOOL_CONVERSION = YES;
				CLANG_WARN_CONSTANT_CONVERSION = YES;
				CLANG_WARN_DIRECT_OBJC_ISA_USAGE = YES_ERROR;
				CLANG_WARN_EMPTY_BODY = YES;
				CLANG_WARN_ENUM_CONVERSION = YES;
				CLANG_WARN_INT_CONVERSION = YES;
				CLANG_WARN_OBJC_ROOT_CLASS = YES_ERROR;
				CLANG_WARN_UNREACHABLE_CODE = YES;
				CLANG_WARN__DUPLICATE_METHOD_MATCH = YES;
				"CODE_SIGN_IDENTITY[sdk=iphoneos*]" = "iPhone Developer";
				COPY_PHASE_STRIP = NO;
				DEBUG_INFORMATION_FORMAT = dwarf;
				ENABLE_STRICT_OBJC_MSGSEND = YES;
				ENABLE_TESTABILITY = YES;
				GCC_C_LANGUAGE_STANDARD = gnu99;
				GCC_DYNAMIC_NO_PIC = NO;
				GCC_NO_COMMON_BLOCKS = YES;
				GCC_OPTIMIZATION_LEVEL = 0;
				GCC_PREPROCESSOR_DEFINITIONS = (
					"DEBUG=1",
					"$(inherited)",
				);
				GCC_WARN_64_TO_32_BIT_CONVERSION = YES;
				GCC_WARN_ABOUT_RETURN_TYPE = YES_ERROR;
				GCC_WARN_UNDECLARED_SELECTOR = YES;
				GCC_WARN_UNINITIALIZED_AUTOS = YES_AGGRESSIVE;
				GCC_WARN_UNUSED_FUNCTION = YES;
				GCC_WARN_UNUSED_VARIABLE = YES;
				IPHONEOS_DEPLOYMENT_TARGET = 9.3;
				MTL_ENABLE_DEBUG_INFO = YES;
				ONLY_ACTIVE_ARCH = YES;
				SDKROOT = iphoneos;
				SWIFT_OPTIMIZATION_LEVEL = "-Onone";
				TARGETED_DEVICE_FAMILY = "1,2";
			};
			name = Debug;
		};
		84BDF7D51CE5B62F00108E96 /* Release */ = {
			isa = XCBuildConfiguration;
			buildSettings = {
				ALWAYS_SEARCH_USER_PATHS = NO;
				CLANG_ANALYZER_NONNULL = YES;
				CLANG_CXX_LANGUAGE_STANDARD = "gnu++0x";
				CLANG_CXX_LIBRARY = "libc++";
				CLANG_ENABLE_MODULES = YES;
				CLANG_ENABLE_OBJC_ARC = YES;
				CLANG_WARN_BOOL_CONVERSION = YES;
				CLANG_WARN_CONSTANT_CONVERSION = YES;
				CLANG_WARN_DIRECT_OBJC_ISA_USAGE = YES_ERROR;
				CLANG_WARN_EMPTY_BODY = YES;
				CLANG_WARN_ENUM_CONVERSION = YES;
				CLANG_WARN_INT_CONVERSION = YES;
				CLANG_WARN_OBJC_ROOT_CLASS = YES_ERROR;
				CLANG_WARN_UNREACHABLE_CODE = YES;
				CLANG_WARN__DUPLICATE_METHOD_MATCH = YES;
				"CODE_SIGN_IDENTITY[sdk=iphoneos*]" = "iPhone Developer";
				COPY_PHASE_STRIP = NO;
				DEBUG_INFORMATION_FORMAT = "dwarf-with-dsym";
				ENABLE_NS_ASSERTIONS = NO;
				ENABLE_STRICT_OBJC_MSGSEND = YES;
				GCC_C_LANGUAGE_STANDARD = gnu99;
				GCC_NO_COMMON_BLOCKS = YES;
				GCC_WARN_64_TO_32_BIT_CONVERSION = YES;
				GCC_WARN_ABOUT_RETURN_TYPE = YES_ERROR;
				GCC_WARN_UNDECLARED_SELECTOR = YES;
				GCC_WARN_UNINITIALIZED_AUTOS = YES_AGGRESSIVE;
				GCC_WARN_UNUSED_FUNCTION = YES;
				GCC_WARN_UNUSED_VARIABLE = YES;
				IPHONEOS_DEPLOYMENT_TARGET = 9.3;
				MTL_ENABLE_DEBUG_INFO = NO;
				SDKROOT = iphoneos;
				TARGETED_DEVICE_FAMILY = "1,2";
				VALIDATE_PRODUCT = YES;
			};
			name = Release;
		};
		84BDF7D71CE5B62F00108E96 /* Debug */ = {
			isa = XCBuildConfiguration;
			buildSettings = {
				ASSETCATALOG_COMPILER_APPICON_NAME = AppIcon;
				INFOPLIST_FILE = BSAlertViewControllerSample/Info.plist;
				LD_RUNPATH_SEARCH_PATHS = "$(inherited) @executable_path/Frameworks";
				PRODUCT_BUNDLE_IDENTIFIER = blurryssky.BSAlertViewControllerSample;
				PRODUCT_NAME = "$(TARGET_NAME)";
			};
			name = Debug;
		};
		84BDF7D81CE5B62F00108E96 /* Release */ = {
			isa = XCBuildConfiguration;
			buildSettings = {
				ASSETCATALOG_COMPILER_APPICON_NAME = AppIcon;
				INFOPLIST_FILE = BSAlertViewControllerSample/Info.plist;
				LD_RUNPATH_SEARCH_PATHS = "$(inherited) @executable_path/Frameworks";
				PRODUCT_BUNDLE_IDENTIFIER = blurryssky.BSAlertViewControllerSample;
				PRODUCT_NAME = "$(TARGET_NAME)";
			};
			name = Release;
		};
/* End XCBuildConfiguration section */

/* Begin XCConfigurationList section */
		84BDF7BF1CE5B62F00108E96 /* Build configuration list for PBXProject "BSAlertViewControllerSample" */ = {
			isa = XCConfigurationList;
			buildConfigurations = (
				84BDF7D41CE5B62F00108E96 /* Debug */,
				84BDF7D51CE5B62F00108E96 /* Release */,
			);
			defaultConfigurationIsVisible = 0;
			defaultConfigurationName = Release;
		};
		84BDF7D61CE5B62F00108E96 /* Build configuration list for PBXNativeTarget "BSAlertViewControllerSample" */ = {
			isa = XCConfigurationList;
			buildConfigurations = (
				84BDF7D71CE5B62F00108E96 /* Debug */,
				84BDF7D81CE5B62F00108E96 /* Release */,
			);
			defaultConfigurationIsVisible = 0;
			defaultConfigurationName = Release;
		};
/* End XCConfigurationList section */
	};
	rootObject = 84BDF7BC1CE5B62F00108E96 /* Project object */;
}
